
Microsoft Visual Studio Solution File, Format Version 12.00
# Blend for Visual Studio Version 16
VisualStudioVersion = 16.0.30611.23
MinimumVisualStudioVersion = 10.0.40219.1
Project("{FAE04EC0-301F-11D3-BF4B-00C04F79EFBC}") = "Randomizer", "Randomizer\Randomizer.csproj", "{0F0F7E5B-3E18-4E85-B9C6-51454C564B25}"
EndProject
Global
	GlobalSection(SolutionConfigurationPlatforms) = preSolution
		Debug|Any CPU = Debug|Any CPU
		Release|Any CPU = Release|Any CPU
	EndGlobalSection
	GlobalSection(ProjectConfigurationPlatforms) = postSolution
		{0F0F7E5B-3E18-4E85-B9C6-51454C564B25}.Debug|Any CPU.ActiveCfg = Debug|Any CPU
		{0F0F7E5B-3E18-4E85-B9C6-51454C564B25}.Debug|Any CPU.Build.0 = Debug|Any CPU
		{0F0F7E5B-3E18-4E85-B9C6-51454C564B25}.Release|Any CPU.ActiveCfg = Release|Any CPU
		{0F0F7E5B-3E18-4E85-B9C6-51454C564B25}.Release|Any CPU.Build.0 = Release|Any CPU
	EndGlobalSection
	GlobalSection(SolutionProperties) = preSolution
		HideSolutionNode = FALSE
	EndGlobalSection
	GlobalSection(ExtensibilityGlobals) = postSolution
		SolutionGuid = {1B8563B5-4283-40EE-B361-7CF33D743548}
	EndGlobalSection
EndGlobal
